
Microsoft Visual Studio Solution File, Format Version 12.00
# Visual Studio Version 17
VisualStudioVersion = 17.8.34408.163
MinimumVisualStudioVersion = 10.0.40219.1
Project("{FAE04EC0-301F-11D3-BF4B-00C04F79EFBC}") = "webapptest", "webapptest\webapptest.csproj", "{9AFB8612-D8D3-4254-B8F7-B0B107FCB2F0}"
EndProject
Global
	GlobalSection(SolutionConfigurationPlatforms) = preSolution
		Debug|Any CPU = Debug|Any CPU
		Release|Any CPU = Release|Any CPU
	EndGlobalSection
	GlobalSection(ProjectConfigurationPlatforms) = postSolution
		{9AFB8612-D8D3-4254-B8F7-B0B107FCB2F0}.Debug|Any CPU.ActiveCfg = Debug|Any CPU
		{9AFB8612-D8D3-4254-B8F7-B0B107FCB2F0}.Debug|Any CPU.Build.0 = Debug|Any CPU
		{9AFB8612-D8D3-4254-B8F7-B0B107FCB2F0}.Release|Any CPU.ActiveCfg = Release|Any CPU
		{9AFB8612-D8D3-4254-B8F7-B0B107FCB2F0}.Release|Any CPU.Build.0 = Release|Any CPU
	EndGlobalSection
	GlobalSection(SolutionProperties) = preSolution
		HideSolutionNode = FALSE
	EndGlobalSection
	GlobalSection(ExtensibilityGlobals) = postSolution
		SolutionGuid = {F5E83CFD-58E8-4138-9AEB-8F667B9C9761}
	EndGlobalSection
EndGlobal
